
Microsoft Visual Studio Solution File, Format Version 12.00
# Visual Studio Version 17
VisualStudioVersion = 17.7.34221.43
MinimumVisualStudioVersion = 10.0.40219.1
Project("{FAE04EC0-301F-11D3-BF4B-00C04F79EFBC}") = "SongSavvy", "SongSavvy\SongSavvy.csproj", "{AA9100D5-F833-4C4E-ACB5-4D56C4647BAE}"
EndProject
Global
	GlobalSection(SolutionConfigurationPlatforms) = preSolution
		Debug|Any CPU = Debug|Any CPU
		Release|Any CPU = Release|Any CPU
	EndGlobalSection
	GlobalSection(ProjectConfigurationPlatforms) = postSolution
		{AA9100D5-F833-4C4E-ACB5-4D56C4647BAE}.Debug|Any CPU.ActiveCfg = Debug|Any CPU
		{AA9100D5-F833-4C4E-ACB5-4D56C4647BAE}.Debug|Any CPU.Build.0 = Debug|Any CPU
		{AA9100D5-F833-4C4E-ACB5-4D56C4647BAE}.Release|Any CPU.ActiveCfg = Release|Any CPU
		{AA9100D5-F833-4C4E-ACB5-4D56C4647BAE}.Release|Any CPU.Build.0 = Release|Any CPU
	EndGlobalSection
	GlobalSection(SolutionProperties) = preSolution
		HideSolutionNode = FALSE
	EndGlobalSection
	GlobalSection(ExtensibilityGlobals) = postSolution
		SolutionGuid = {019C15AD-472D-4197-B3E0-727B26300ACB}
	EndGlobalSection
EndGlobal
